
Microsoft Visual Studio Solution File, Format Version 12.00
# Visual Studio Version 17
VisualStudioVersion = 17.6.33723.286
MinimumVisualStudioVersion = 10.0.40219.1
Project("{9A19103F-16F7-4668-BE54-9A1E7A4F7556}") = "OAuthApiSDK", "OAuthApiSDK\OAuthApiSDK.csproj", "{BCCBAA03-C1DB-4F3E-AE37-F25A112C1A3E}"
EndProject
Global
	GlobalSection(SolutionConfigurationPlatforms) = preSolution
		Debug|Any CPU = Debug|Any CPU
		Release|Any CPU = Release|Any CPU
	EndGlobalSection
	GlobalSection(ProjectConfigurationPlatforms) = postSolution
		{BCCBAA03-C1DB-4F3E-AE37-F25A112C1A3E}.Debug|Any CPU.ActiveCfg = Debug|Any CPU
		{BCCBAA03-C1DB-4F3E-AE37-F25A112C1A3E}.Debug|Any CPU.Build.0 = Debug|Any CPU
		{BCCBAA03-C1DB-4F3E-AE37-F25A112C1A3E}.Release|Any CPU.ActiveCfg = Release|Any CPU
		{BCCBAA03-C1DB-4F3E-AE37-F25A112C1A3E}.Release|Any CPU.Build.0 = Release|Any CPU
	EndGlobalSection
	GlobalSection(SolutionProperties) = preSolution
		HideSolutionNode = FALSE
	EndGlobalSection
	GlobalSection(ExtensibilityGlobals) = postSolution
		SolutionGuid = {AD6D4D69-1D1D-49D2-97D5-8B7D64180962}
	EndGlobalSection
EndGlobal
