
Microsoft Visual Studio Solution File, Format Version 12.00
# Visual Studio Version 17
VisualStudioVersion = 17.6.33723.286
MinimumVisualStudioVersion = 10.0.40219.1
Project("{FAE04EC0-301F-11D3-BF4B-00C04F79EFBC}") = "Form1099MISCSDK", "Form1099MISCSDK\Form1099MISCSDK.csproj", "{8F4E84C0-008D-4CC0-98BF-C05B8E2DC532}"
EndProject
Global
	GlobalSection(SolutionConfigurationPlatforms) = preSolution
		Debug|Any CPU = Debug|Any CPU
		Release|Any CPU = Release|Any CPU
	EndGlobalSection
	GlobalSection(ProjectConfigurationPlatforms) = postSolution
		{8F4E84C0-008D-4CC0-98BF-C05B8E2DC532}.Debug|Any CPU.ActiveCfg = Debug|Any CPU
		{8F4E84C0-008D-4CC0-98BF-C05B8E2DC532}.Debug|Any CPU.Build.0 = Debug|Any CPU
		{8F4E84C0-008D-4CC0-98BF-C05B8E2DC532}.Release|Any CPU.ActiveCfg = Release|Any CPU
		{8F4E84C0-008D-4CC0-98BF-C05B8E2DC532}.Release|Any CPU.Build.0 = Release|Any CPU
	EndGlobalSection
	GlobalSection(SolutionProperties) = preSolution
		HideSolutionNode = FALSE
	EndGlobalSection
	GlobalSection(ExtensibilityGlobals) = postSolution
		SolutionGuid = {3F33057E-8AF0-4931-9A93-59097D104BD7}
	EndGlobalSection
EndGlobal
