
Microsoft Visual Studio Solution File, Format Version 12.00
# Visual Studio Version 17
VisualStudioVersion = 17.6.33723.286
MinimumVisualStudioVersion = 10.0.40219.1
Project("{FAE04EC0-301F-11D3-BF4B-00C04F79EFBC}") = "TinMatchingRecipientsSDK", "TinMatchingRecipientsSDK\TinMatchingRecipientsSDK.csproj", "{B9E75CA5-78B5-4067-8DCB-7E71A135B1A3}"
EndProject
Global
	GlobalSection(SolutionConfigurationPlatforms) = preSolution
		Debug|Any CPU = Debug|Any CPU
		Release|Any CPU = Release|Any CPU
	EndGlobalSection
	GlobalSection(ProjectConfigurationPlatforms) = postSolution
		{B9E75CA5-78B5-4067-8DCB-7E71A135B1A3}.Debug|Any CPU.ActiveCfg = Debug|Any CPU
		{B9E75CA5-78B5-4067-8DCB-7E71A135B1A3}.Debug|Any CPU.Build.0 = Debug|Any CPU
		{B9E75CA5-78B5-4067-8DCB-7E71A135B1A3}.Release|Any CPU.ActiveCfg = Release|Any CPU
		{B9E75CA5-78B5-4067-8DCB-7E71A135B1A3}.Release|Any CPU.Build.0 = Release|Any CPU
	EndGlobalSection
	GlobalSection(SolutionProperties) = preSolution
		HideSolutionNode = FALSE
	EndGlobalSection
	GlobalSection(ExtensibilityGlobals) = postSolution
		SolutionGuid = {BF5DC5BD-76D7-41B1-BD01-FDC85C23A81A}
	EndGlobalSection
EndGlobal
